// !$*UTF8*$!
{
	archiveVersion = 1;
	classes = {
	};
	objectVersion = 55;
	objects = {

/* Begin PBXBuildFile section */
		71EF641F2898229600DBF8A2 /* FinancialReportSplitterApp.swift in Sources */ = {isa = PBXBuildFile; fileRef = 71EF640F2898229300DBF8A2 /* FinancialReportSplitterApp.swift */; };
		71EF64202898229600DBF8A2 /* FinancialReportSplitterApp.swift in Sources */ = {isa = PBXBuildFile; fileRef = 71EF640F2898229300DBF8A2 /* FinancialReportSplitterApp.swift */; };
		71EF64212898229600DBF8A2 /* ContentView.swift in Sources */ = {isa = PBXBuildFile; fileRef = 71EF64102898229300DBF8A2 /* ContentView.swift */; };
		71EF64222898229600DBF8A2 /* ContentView.swift in Sources */ = {isa = PBXBuildFile; fileRef = 71EF64102898229300DBF8A2 /* ContentView.swift */; };
		71EF64232898229600DBF8A2 /* Assets.xcassets in Resources */ = {isa = PBXBuildFile; fileRef = 71EF64112898229600DBF8A2 /* Assets.xcassets */; };
		71EF64242898229600DBF8A2 /* Assets.xcassets in Resources */ = {isa = PBXBuildFile; fileRef = 71EF64112898229600DBF8A2 /* Assets.xcassets */; };
		71EF642E289861F800DBF8A2 /* AscConnector.swift in Sources */ = {isa = PBXBuildFile; fileRef = 71EF642D289861F800DBF8A2 /* AscConnector.swift */; };
		71EF642F289861F800DBF8A2 /* AscConnector.swift in Sources */ = {isa = PBXBuildFile; fileRef = 71EF642D289861F800DBF8A2 /* AscConnector.swift */; };
		71EF64382899135A00DBF8A2 /* AvailableReportTypes.swift in Sources */ = {isa = PBXBuildFile; fileRef = 71EF64312899135A00DBF8A2 /* AvailableReportTypes.swift */; };
		71EF64392899135A00DBF8A2 /* AvailableReportTypes.swift in Sources */ = {isa = PBXBuildFile; fileRef = 71EF64312899135A00DBF8A2 /* AvailableReportTypes.swift */; };
		71EF643A2899135A00DBF8A2 /* FinancialReport.swift in Sources */ = {isa = PBXBuildFile; fileRef = 71EF64322899135A00DBF8A2 /* FinancialReport.swift */; };
		71EF643B2899135A00DBF8A2 /* FinancialReport.swift in Sources */ = {isa = PBXBuildFile; fileRef = 71EF64322899135A00DBF8A2 /* FinancialReport.swift */; };
		71EF643C2899135A00DBF8A2 /* RegionCurrency.swift in Sources */ = {isa = PBXBuildFile; fileRef = 71EF64332899135A00DBF8A2 /* RegionCurrency.swift */; };
		71EF643D2899135A00DBF8A2 /* RegionCurrency.swift in Sources */ = {isa = PBXBuildFile; fileRef = 71EF64332899135A00DBF8A2 /* RegionCurrency.swift */; };
		71EF643E2899135A00DBF8A2 /* ResponseMessages.swift in Sources */ = {isa = PBXBuildFile; fileRef = 71EF64342899135A00DBF8A2 /* ResponseMessages.swift */; };
		71EF643F2899135A00DBF8A2 /* ResponseMessages.swift in Sources */ = {isa = PBXBuildFile; fileRef = 71EF64342899135A00DBF8A2 /* ResponseMessages.swift */; };
		71EF64402899135A00DBF8A2 /* FinancialReportResponse.swift in Sources */ = {isa = PBXBuildFile; fileRef = 71EF64352899135A00DBF8A2 /* FinancialReportResponse.swift */; };
		71EF64412899135A00DBF8A2 /* FinancialReportResponse.swift in Sources */ = {isa = PBXBuildFile; fileRef = 71EF64352899135A00DBF8A2 /* FinancialReportResponse.swift */; };
		71EF64422899135A00DBF8A2 /* ProceedsByRegion.swift in Sources */ = {isa = PBXBuildFile; fileRef = 71EF64362899135A00DBF8A2 /* ProceedsByRegion.swift */; };
		71EF64432899135A00DBF8A2 /* ProceedsByRegion.swift in Sources */ = {isa = PBXBuildFile; fileRef = 71EF64362899135A00DBF8A2 /* ProceedsByRegion.swift */; };
		71EF64442899135A00DBF8A2 /* ReportSummaries.swift in Sources */ = {isa = PBXBuildFile; fileRef = 71EF64372899135A00DBF8A2 /* ReportSummaries.swift */; };
		71EF64452899135A00DBF8A2 /* ReportSummaries.swift in Sources */ = {isa = PBXBuildFile; fileRef = 71EF64372899135A00DBF8A2 /* ReportSummaries.swift */; };
		71EF6447289A3E1D00DBF8A2 /* LegalEntity.swift in Sources */ = {isa = PBXBuildFile; fileRef = 71EF6446289A3E1D00DBF8A2 /* LegalEntity.swift */; };
		71EF6448289A3E1D00DBF8A2 /* LegalEntity.swift in Sources */ = {isa = PBXBuildFile; fileRef = 71EF6446289A3E1D00DBF8A2 /* LegalEntity.swift */; };
		71EF6465289CFD7500DBF8A2 /* Response.swift in Sources */ = {isa = PBXBuildFile; fileRef = 71EF6464289CFD7500DBF8A2 /* Response.swift */; };
		71EF6466289CFD7500DBF8A2 /* Response.swift in Sources */ = {isa = PBXBuildFile; fileRef = 71EF6464289CFD7500DBF8A2 /* Response.swift */; };
		71EF6468289CFFEC00DBF8A2 /* UserDetail.swift in Sources */ = {isa = PBXBuildFile; fileRef = 71EF6467289CFFEC00DBF8A2 /* UserDetail.swift */; };
		71EF6469289CFFEC00DBF8A2 /* UserDetail.swift in Sources */ = {isa = PBXBuildFile; fileRef = 71EF6467289CFFEC00DBF8A2 /* UserDetail.swift */; };
		71EF646B289D000500DBF8A2 /* UserDetailResponse.swift in Sources */ = {isa = PBXBuildFile; fileRef = 71EF646A289D000500DBF8A2 /* UserDetailResponse.swift */; };
		71EF646C289D000500DBF8A2 /* UserDetailResponse.swift in Sources */ = {isa = PBXBuildFile; fileRef = 71EF646A289D000500DBF8A2 /* UserDetailResponse.swift */; };
		71EF646E289D004500DBF8A2 /* AssociatedAccount.swift in Sources */ = {isa = PBXBuildFile; fileRef = 71EF646D289D004500DBF8A2 /* AssociatedAccount.swift */; };
		71EF646F289D004500DBF8A2 /* AssociatedAccount.swift in Sources */ = {isa = PBXBuildFile; fileRef = 71EF646D289D004500DBF8A2 /* AssociatedAccount.swift */; };
		71EF6471289D005C00DBF8A2 /* ContentProvider.swift in Sources */ = {isa = PBXBuildFile; fileRef = 71EF6470289D005C00DBF8A2 /* ContentProvider.swift */; };
		71EF6472289D005C00DBF8A2 /* ContentProvider.swift in Sources */ = {isa = PBXBuildFile; fileRef = 71EF6470289D005C00DBF8A2 /* ContentProvider.swift */; };
		71EF6474289D01E000DBF8A2 /* SapVendorNumber.swift in Sources */ = {isa = PBXBuildFile; fileRef = 71EF6473289D01E000DBF8A2 /* SapVendorNumber.swift */; };
		71EF6475289D01E000DBF8A2 /* SapVendorNumber.swift in Sources */ = {isa = PBXBuildFile; fileRef = 71EF6473289D01E000DBF8A2 /* SapVendorNumber.swift */; };
		71EF6477289D020F00DBF8A2 /* SapVendorNumbersResponse.swift in Sources */ = {isa = PBXBuildFile; fileRef = 71EF6476289D020F00DBF8A2 /* SapVendorNumbersResponse.swift */; };
		71EF6478289D020F00DBF8A2 /* SapVendorNumbersResponse.swift in Sources */ = {isa = PBXBuildFile; fileRef = 71EF6476289D020F00DBF8A2 /* SapVendorNumbersResponse.swift */; };
		71EF647C289D51FA00DBF8A2 /* AscAuthViewController.swift in Sources */ = {isa = PBXBuildFile; fileRef = 71EF647B289D51FA00DBF8A2 /* AscAuthViewController.swift */; };
		71EF647D289D51FA00DBF8A2 /* AscAuthViewController.swift in Sources */ = {isa = PBXBuildFile; fileRef = 71EF647B289D51FA00DBF8A2 /* AscAuthViewController.swift */; };
		71EF6480289E42F600DBF8A2 /* ReportImportView.swift in Sources */ = {isa = PBXBuildFile; fileRef = 71EF647F289E42F600DBF8A2 /* ReportImportView.swift */; };
		71EF6481289E42F600DBF8A2 /* ReportImportView.swift in Sources */ = {isa = PBXBuildFile; fileRef = 71EF647F289E42F600DBF8A2 /* ReportImportView.swift */; };
		71EF6483289E438400DBF8A2 /* ReportsOrganizerView.swift in Sources */ = {isa = PBXBuildFile; fileRef = 71EF6482289E438400DBF8A2 /* ReportsOrganizerView.swift */; };
		71EF6484289E438400DBF8A2 /* ReportsOrganizerView.swift in Sources */ = {isa = PBXBuildFile; fileRef = 71EF6482289E438400DBF8A2 /* ReportsOrganizerView.swift */; };
		71EF6487289E44C400DBF8A2 /* ReportsSidebar.swift in Sources */ = {isa = PBXBuildFile; fileRef = 71EF6486289E44C400DBF8A2 /* ReportsSidebar.swift */; };
		71EF6488289E44C400DBF8A2 /* ReportsSidebar.swift in Sources */ = {isa = PBXBuildFile; fileRef = 71EF6486289E44C400DBF8A2 /* ReportsSidebar.swift */; };
		71EF648A289E451700DBF8A2 /* ReportViewer.swift in Sources */ = {isa = PBXBuildFile; fileRef = 71EF6489289E451700DBF8A2 /* ReportViewer.swift */; };
		71EF648B289E451700DBF8A2 /* ReportViewer.swift in Sources */ = {isa = PBXBuildFile; fileRef = 71EF6489289E451700DBF8A2 /* ReportViewer.swift */; };
		71EF648D289E46AF00DBF8A2 /* sample_report.json in Resources */ = {isa = PBXBuildFile; fileRef = 71EF648C289E46AF00DBF8A2 /* sample_report.json */; };
		71EF648E289E46AF00DBF8A2 /* sample_report.json in Resources */ = {isa = PBXBuildFile; fileRef = 71EF648C289E46AF00DBF8A2 /* sample_report.json */; };
		71EF6490289E484E00DBF8A2 /* EmptyReportView.swift in Sources */ = {isa = PBXBuildFile; fileRef = 71EF648F289E484E00DBF8A2 /* EmptyReportView.swift */; };
		71EF6491289E484E00DBF8A2 /* EmptyReportView.swift in Sources */ = {isa = PBXBuildFile; fileRef = 71EF648F289E484E00DBF8A2 /* EmptyReportView.swift */; };
		71EF6493289E4A5B00DBF8A2 /* ReportsOrganizer.swift in Sources */ = {isa = PBXBuildFile; fileRef = 71EF6492289E4A5B00DBF8A2 /* ReportsOrganizer.swift */; };
		71EF6494289E4A5B00DBF8A2 /* ReportsOrganizer.swift in Sources */ = {isa = PBXBuildFile; fileRef = 71EF6492289E4A5B00DBF8A2 /* ReportsOrganizer.swift */; };
		71EF6496289EB1B600DBF8A2 /* LazyReportViewer.swift in Sources */ = {isa = PBXBuildFile; fileRef = 71EF6495289EB1B600DBF8A2 /* LazyReportViewer.swift */; };
		71EF6497289EB1B600DBF8A2 /* LazyReportViewer.swift in Sources */ = {isa = PBXBuildFile; fileRef = 71EF6495289EB1B600DBF8A2 /* LazyReportViewer.swift */; };
/* End PBXBuildFile section */

/* Begin PBXFileReference section */
		71EF640F2898229300DBF8A2 /* FinancialReportSplitterApp.swift */ = {isa = PBXFileReference; lastKnownFileType = sourcecode.swift; path = FinancialReportSplitterApp.swift; sourceTree = "<group>"; };
		71EF64102898229300DBF8A2 /* ContentView.swift */ = {isa = PBXFileReference; lastKnownFileType = sourcecode.swift; path = ContentView.swift; sourceTree = "<group>"; };
		71EF64112898229600DBF8A2 /* Assets.xcassets */ = {isa = PBXFileReference; lastKnownFileType = folder.assetcatalog; path = Assets.xcassets; sourceTree = "<group>"; };
		71EF64162898229600DBF8A2 /* FinancialReportSplitter.app */ = {isa = PBXFileReference; explicitFileType = wrapper.application; includeInIndex = 0; path = FinancialReportSplitter.app; sourceTree = BUILT_PRODUCTS_DIR; };
		71EF641C2898229600DBF8A2 /* FinancialReportSplitter.app */ = {isa = PBXFileReference; explicitFileType = wrapper.application; includeInIndex = 0; path = FinancialReportSplitter.app; sourceTree = BUILT_PRODUCTS_DIR; };
		71EF641E2898229600DBF8A2 /* macOS.entitlements */ = {isa = PBXFileReference; lastKnownFileType = text.plist.entitlements; path = macOS.entitlements; sourceTree = "<group>"; };
		71EF642D289861F800DBF8A2 /* AscConnector.swift */ = {isa = PBXFileReference; lastKnownFileType = sourcecode.swift; path = AscConnector.swift; sourceTree = "<group>"; };
		71EF64312899135A00DBF8A2 /* AvailableReportTypes.swift */ = {isa = PBXFileReference; fileEncoding = 4; lastKnownFileType = sourcecode.swift; path = AvailableReportTypes.swift; sourceTree = "<group>"; };
		71EF64322899135A00DBF8A2 /* FinancialReport.swift */ = {isa = PBXFileReference; fileEncoding = 4; lastKnownFileType = sourcecode.swift; path = FinancialReport.swift; sourceTree = "<group>"; };
		71EF64332899135A00DBF8A2 /* RegionCurrency.swift */ = {isa = PBXFileReference; fileEncoding = 4; lastKnownFileType = sourcecode.swift; path = RegionCurrency.swift; sourceTree = "<group>"; };
		71EF64342899135A00DBF8A2 /* ResponseMessages.swift */ = {isa = PBXFileReference; fileEncoding = 4; lastKnownFileType = sourcecode.swift; path = ResponseMessages.swift; sourceTree = "<group>"; };
		71EF64352899135A00DBF8A2 /* FinancialReportResponse.swift */ = {isa = PBXFileReference; fileEncoding = 4; lastKnownFileType = sourcecode.swift; path = FinancialReportResponse.swift; sourceTree = "<group>"; };
		71EF64362899135A00DBF8A2 /* ProceedsByRegion.swift */ = {isa = PBXFileReference; fileEncoding = 4; lastKnownFileType = sourcecode.swift; path = ProceedsByRegion.swift; sourceTree = "<group>"; };
		71EF64372899135A00DBF8A2 /* ReportSummaries.swift */ = {isa = PBXFileReference; fileEncoding = 4; lastKnownFileType = sourcecode.swift; path = ReportSummaries.swift; sourceTree = "<group>"; };
		71EF6446289A3E1D00DBF8A2 /* LegalEntity.swift */ = {isa = PBXFileReference; lastKnownFileType = sourcecode.swift; path = LegalEntity.swift; sourceTree = "<group>"; };
		71EF6464289CFD7500DBF8A2 /* Response.swift */ = {isa = PBXFileReference; lastKnownFileType = sourcecode.swift; path = Response.swift; sourceTree = "<group>"; };
		71EF6467289CFFEC00DBF8A2 /* UserDetail.swift */ = {isa = PBXFileReference; lastKnownFileType = sourcecode.swift; path = UserDetail.swift; sourceTree = "<group>"; };
		71EF646A289D000500DBF8A2 /* UserDetailResponse.swift */ = {isa = PBXFileReference; lastKnownFileType = sourcecode.swift; path = UserDetailResponse.swift; sourceTree = "<group>"; };
		71EF646D289D004500DBF8A2 /* AssociatedAccount.swift */ = {isa = PBXFileReference; lastKnownFileType = sourcecode.swift; path = AssociatedAccount.swift; sourceTree = "<group>"; };
		71EF6470289D005C00DBF8A2 /* ContentProvider.swift */ = {isa = PBXFileReference; lastKnownFileType = sourcecode.swift; path = ContentProvider.swift; sourceTree = "<group>"; };
		71EF6473289D01E000DBF8A2 /* SapVendorNumber.swift */ = {isa = PBXFileReference; lastKnownFileType = sourcecode.swift; path = SapVendorNumber.swift; sourceTree = "<group>"; };
		71EF6476289D020F00DBF8A2 /* SapVendorNumbersResponse.swift */ = {isa = PBXFileReference; lastKnownFileType = sourcecode.swift; path = SapVendorNumbersResponse.swift; sourceTree = "<group>"; };
		71EF647B289D51FA00DBF8A2 /* AscAuthViewController.swift */ = {isa = PBXFileReference; lastKnownFileType = sourcecode.swift; path = AscAuthViewController.swift; sourceTree = "<group>"; };
		71EF647F289E42F600DBF8A2 /* ReportImportView.swift */ = {isa = PBXFileReference; lastKnownFileType = sourcecode.swift; path = ReportImportView.swift; sourceTree = "<group>"; };
		71EF6482289E438400DBF8A2 /* ReportsOrganizerView.swift */ = {isa = PBXFileReference; lastKnownFileType = sourcecode.swift; path = ReportsOrganizerView.swift; sourceTree = "<group>"; };
		71EF6486289E44C400DBF8A2 /* ReportsSidebar.swift */ = {isa = PBXFileReference; lastKnownFileType = sourcecode.swift; path = ReportsSidebar.swift; sourceTree = "<group>"; };
		71EF6489289E451700DBF8A2 /* ReportViewer.swift */ = {isa = PBXFileReference; lastKnownFileType = sourcecode.swift; path = ReportViewer.swift; sourceTree = "<group>"; };
		71EF648C289E46AF00DBF8A2 /* sample_report.json */ = {isa = PBXFileReference; fileEncoding = 4; lastKnownFileType = text.json; path = sample_report.json; sourceTree = "<group>"; };
		71EF648F289E484E00DBF8A2 /* EmptyReportView.swift */ = {isa = PBXFileReference; lastKnownFileType = sourcecode.swift; path = EmptyReportView.swift; sourceTree = "<group>"; };
		71EF6492289E4A5B00DBF8A2 /* ReportsOrganizer.swift */ = {isa = PBXFileReference; lastKnownFileType = sourcecode.swift; path = ReportsOrganizer.swift; sourceTree = "<group>"; };
		71EF6495289EB1B600DBF8A2 /* LazyReportViewer.swift */ = {isa = PBXFileReference; fileEncoding = 4; lastKnownFileType = sourcecode.swift; path = LazyReportViewer.swift; sourceTree = "<group>"; };
/* End PBXFileReference section */

/* Begin PBXFrameworksBuildPhase section */
		71EF64132898229600DBF8A2 /* Frameworks */ = {
			isa = PBXFrameworksBuildPhase;
			buildActionMask = 2147483647;
			files = (
			);
			runOnlyForDeploymentPostprocessing = 0;
		};
		71EF64192898229600DBF8A2 /* Frameworks */ = {
			isa = PBXFrameworksBuildPhase;
			buildActionMask = 2147483647;
			files = (
			);
			runOnlyForDeploymentPostprocessing = 0;
		};
/* End PBXFrameworksBuildPhase section */

/* Begin PBXGroup section */
		71EF64092898229300DBF8A2 = {
			isa = PBXGroup;
			children = (
				71EF640E2898229300DBF8A2 /* Shared */,
				71EF641D2898229600DBF8A2 /* macOS */,
				71EF64172898229600DBF8A2 /* Products */,
			);
			sourceTree = "<group>";
		};
		71EF640E2898229300DBF8A2 /* Shared */ = {
			isa = PBXGroup;
			children = (
				71EF647E289E42E200DBF8A2 /* Views */,
				71EF64302899134900DBF8A2 /* Models */,
				71EF640F2898229300DBF8A2 /* FinancialReportSplitterApp.swift */,
				71EF648C289E46AF00DBF8A2 /* sample_report.json */,
				71EF64102898229300DBF8A2 /* ContentView.swift */,
				71EF64112898229600DBF8A2 /* Assets.xcassets */,
			);
			path = Shared;
			sourceTree = "<group>";
		};
		71EF64172898229600DBF8A2 /* Products */ = {
			isa = PBXGroup;
			children = (
				71EF64162898229600DBF8A2 /* FinancialReportSplitter.app */,
				71EF641C2898229600DBF8A2 /* FinancialReportSplitter.app */,
			);
			name = Products;
			sourceTree = "<group>";
		};
		71EF641D2898229600DBF8A2 /* macOS */ = {
			isa = PBXGroup;
			children = (
				71EF641E2898229600DBF8A2 /* macOS.entitlements */,
			);
			path = macOS;
			sourceTree = "<group>";
		};
		71EF64302899134900DBF8A2 /* Models */ = {
			isa = PBXGroup;
			children = (
				71EF647A289D51E800DBF8A2 /* AppStoreConnectBridge */,
				71EF6479289D027800DBF8A2 /* WebApi */,
				71EF6446289A3E1D00DBF8A2 /* LegalEntity.swift */,
				71EF6492289E4A5B00DBF8A2 /* ReportsOrganizer.swift */,
			);
			path = Models;
			sourceTree = "<group>";
		};
		71EF6479289D027800DBF8A2 /* WebApi */ = {
			isa = PBXGroup;
			children = (
				71EF64312899135A00DBF8A2 /* AvailableReportTypes.swift */,
				71EF64322899135A00DBF8A2 /* FinancialReport.swift */,
				71EF64352899135A00DBF8A2 /* FinancialReportResponse.swift */,
				71EF6467289CFFEC00DBF8A2 /* UserDetail.swift */,
				71EF646A289D000500DBF8A2 /* UserDetailResponse.swift */,
				71EF646D289D004500DBF8A2 /* AssociatedAccount.swift */,
				71EF6470289D005C00DBF8A2 /* ContentProvider.swift */,
				71EF6473289D01E000DBF8A2 /* SapVendorNumber.swift */,
				71EF6476289D020F00DBF8A2 /* SapVendorNumbersResponse.swift */,
				71EF64342899135A00DBF8A2 /* ResponseMessages.swift */,
				71EF64362899135A00DBF8A2 /* ProceedsByRegion.swift */,
				71EF64332899135A00DBF8A2 /* RegionCurrency.swift */,
				71EF64372899135A00DBF8A2 /* ReportSummaries.swift */,
				71EF6464289CFD7500DBF8A2 /* Response.swift */,
			);
			path = WebApi;
			sourceTree = "<group>";
		};
		71EF647A289D51E800DBF8A2 /* AppStoreConnectBridge */ = {
			isa = PBXGroup;
			children = (
				71EF642D289861F800DBF8A2 /* AscConnector.swift */,
				71EF647B289D51FA00DBF8A2 /* AscAuthViewController.swift */,
			);
			path = AppStoreConnectBridge;
			sourceTree = "<group>";
		};
		71EF647E289E42E200DBF8A2 /* Views */ = {
			isa = PBXGroup;
			children = (
				71EF647F289E42F600DBF8A2 /* ReportImportView.swift */,
				71EF6482289E438400DBF8A2 /* ReportsOrganizerView.swift */,
				71EF6489289E451700DBF8A2 /* ReportViewer.swift */,
				71EF6486289E44C400DBF8A2 /* ReportsSidebar.swift */,
				71EF6495289EB1B600DBF8A2 /* LazyReportViewer.swift */,
				71EF648F289E484E00DBF8A2 /* EmptyReportView.swift */,
			);
			path = Views;
			sourceTree = "<group>";
		};
/* End PBXGroup section */

/* Begin PBXNativeTarget section */
		71EF64152898229600DBF8A2 /* FinancialReportSplitter (iOS) */ = {
			isa = PBXNativeTarget;
			buildConfigurationList = 71EF64272898229600DBF8A2 /* Build configuration list for PBXNativeTarget "FinancialReportSplitter (iOS)" */;
			buildPhases = (
				71EF64122898229600DBF8A2 /* Sources */,
				71EF64132898229600DBF8A2 /* Frameworks */,
				71EF64142898229600DBF8A2 /* Resources */,
			);
			buildRules = (
			);
			dependencies = (
			);
			name = "FinancialReportSplitter (iOS)";
			productName = "FinancialReportSplitter (iOS)";
			productReference = 71EF64162898229600DBF8A2 /* FinancialReportSplitter.app */;
			productType = "com.apple.product-type.application";
		};
		71EF641B2898229600DBF8A2 /* FinancialReportSplitter (macOS) */ = {
			isa = PBXNativeTarget;
			buildConfigurationList = 71EF642A2898229600DBF8A2 /* Build configuration list for PBXNativeTarget "FinancialReportSplitter (macOS)" */;
			buildPhases = (
				71EF64182898229600DBF8A2 /* Sources */,
				71EF64192898229600DBF8A2 /* Frameworks */,
				71EF641A2898229600DBF8A2 /* Resources */,
			);
			buildRules = (
			);
			dependencies = (
			);
			name = "FinancialReportSplitter (macOS)";
			productName = "FinancialReportSplitter (macOS)";
			productReference = 71EF641C2898229600DBF8A2 /* FinancialReportSplitter.app */;
			productType = "com.apple.product-type.application";
		};
/* End PBXNativeTarget section */

/* Begin PBXProject section */
		71EF640A2898229300DBF8A2 /* Project object */ = {
			isa = PBXProject;
			attributes = {
				BuildIndependentTargetsInParallel = 1;
				LastSwiftUpdateCheck = 1340;
				LastUpgradeCheck = 1340;
				TargetAttributes = {
					71EF64152898229600DBF8A2 = {
						CreatedOnToolsVersion = 13.4.1;
					};
					71EF641B2898229600DBF8A2 = {
						CreatedOnToolsVersion = 13.4.1;
					};
				};
			};
			buildConfigurationList = 71EF640D2898229300DBF8A2 /* Build configuration list for PBXProject "FinancialReportSplitter" */;
			compatibilityVersion = "Xcode 13.0";
			developmentRegion = en;
			hasScannedForEncodings = 0;
			knownRegions = (
				en,
				Base,
			);
			mainGroup = 71EF64092898229300DBF8A2;
			productRefGroup = 71EF64172898229600DBF8A2 /* Products */;
			projectDirPath = "";
			projectRoot = "";
			targets = (
				71EF64152898229600DBF8A2 /* FinancialReportSplitter (iOS) */,
				71EF641B2898229600DBF8A2 /* FinancialReportSplitter (macOS) */,
			);
		};
/* End PBXProject section */

/* Begin PBXResourcesBuildPhase section */
		71EF64142898229600DBF8A2 /* Resources */ = {
			isa = PBXResourcesBuildPhase;
			buildActionMask = 2147483647;
			files = (
				71EF648D289E46AF00DBF8A2 /* sample_report.json in Resources */,
				71EF64232898229600DBF8A2 /* Assets.xcassets in Resources */,
			);
			runOnlyForDeploymentPostprocessing = 0;
		};
		71EF641A2898229600DBF8A2 /* Resources */ = {
			isa = PBXResourcesBuildPhase;
			buildActionMask = 2147483647;
			files = (
				71EF648E289E46AF00DBF8A2 /* sample_report.json in Resources */,
				71EF64242898229600DBF8A2 /* Assets.xcassets in Resources */,
			);
			runOnlyForDeploymentPostprocessing = 0;
		};
/* End PBXResourcesBuildPhase section */

/* Begin PBXSourcesBuildPhase section */
		71EF64122898229600DBF8A2 /* Sources */ = {
			isa = PBXSourcesBuildPhase;
			buildActionMask = 2147483647;
			files = (
				71EF648A289E451700DBF8A2 /* ReportViewer.swift in Sources */,
				71EF6487289E44C400DBF8A2 /* ReportsSidebar.swift in Sources */,
				71EF647C289D51FA00DBF8A2 /* AscAuthViewController.swift in Sources */,
				71EF6447289A3E1D00DBF8A2 /* LegalEntity.swift in Sources */,
				71EF643C2899135A00DBF8A2 /* RegionCurrency.swift in Sources */,
				71EF646E289D004500DBF8A2 /* AssociatedAccount.swift in Sources */,
				71EF6490289E484E00DBF8A2 /* EmptyReportView.swift in Sources */,
				71EF64212898229600DBF8A2 /* ContentView.swift in Sources */,
				71EF64442899135A00DBF8A2 /* ReportSummaries.swift in Sources */,
				71EF6474289D01E000DBF8A2 /* SapVendorNumber.swift in Sources */,
				71EF643A2899135A00DBF8A2 /* FinancialReport.swift in Sources */,
				71EF6471289D005C00DBF8A2 /* ContentProvider.swift in Sources */,
				71EF643E2899135A00DBF8A2 /* ResponseMessages.swift in Sources */,
				71EF642E289861F800DBF8A2 /* AscConnector.swift in Sources */,
				71EF6477289D020F00DBF8A2 /* SapVendorNumbersResponse.swift in Sources */,
				71EF6493289E4A5B00DBF8A2 /* ReportsOrganizer.swift in Sources */,
				71EF6483289E438400DBF8A2 /* ReportsOrganizerView.swift in Sources */,
				71EF6468289CFFEC00DBF8A2 /* UserDetail.swift in Sources */,
				71EF64402899135A00DBF8A2 /* FinancialReportResponse.swift in Sources */,
				71EF641F2898229600DBF8A2 /* FinancialReportSplitterApp.swift in Sources */,
				71EF64382899135A00DBF8A2 /* AvailableReportTypes.swift in Sources */,
				71EF6465289CFD7500DBF8A2 /* Response.swift in Sources */,
				71EF646B289D000500DBF8A2 /* UserDetailResponse.swift in Sources */,
				71EF6496289EB1B600DBF8A2 /* LazyReportViewer.swift in Sources */,
				71EF64422899135A00DBF8A2 /* ProceedsByRegion.swift in Sources */,
				71EF6480289E42F600DBF8A2 /* ReportImportView.swift in Sources */,
			);
			runOnlyForDeploymentPostprocessing = 0;
		};
		71EF64182898229600DBF8A2 /* Sources */ = {
			isa = PBXSourcesBuildPhase;
			buildActionMask = 2147483647;
			files = (
				71EF648B289E451700DBF8A2 /* ReportViewer.swift in Sources */,
				71EF6488289E44C400DBF8A2 /* ReportsSidebar.swift in Sources */,
				71EF647D289D51FA00DBF8A2 /* AscAuthViewController.swift in Sources */,
				71EF6448289A3E1D00DBF8A2 /* LegalEntity.swift in Sources */,
				71EF643D2899135A00DBF8A2 /* RegionCurrency.swift in Sources */,
				71EF646F289D004500DBF8A2 /* AssociatedAccount.swift in Sources */,
				71EF6491289E484E00DBF8A2 /* EmptyReportView.swift in Sources */,
				71EF64222898229600DBF8A2 /* ContentView.swift in Sources */,
				71EF64452899135A00DBF8A2 /* ReportSummaries.swift in Sources */,
				71EF6475289D01E000DBF8A2 /* SapVendorNumber.swift in Sources */,
				71EF643B2899135A00DBF8A2 /* FinancialReport.swift in Sources */,
				71EF6472289D005C00DBF8A2 /* ContentProvider.swift in Sources */,
				71EF643F2899135A00DBF8A2 /* ResponseMessages.swift in Sources */,
				71EF642F289861F800DBF8A2 /* AscConnector.swift in Sources */,
				71EF6478289D020F00DBF8A2 /* SapVendorNumbersResponse.swift in Sources */,
				71EF6494289E4A5B00DBF8A2 /* ReportsOrganizer.swift in Sources */,
				71EF6484289E438400DBF8A2 /* ReportsOrganizerView.swift in Sources */,
				71EF6469289CFFEC00DBF8A2 /* UserDetail.swift in Sources */,
				71EF64412899135A00DBF8A2 /* FinancialReportResponse.swift in Sources */,
				71EF64202898229600DBF8A2 /* FinancialReportSplitterApp.swift in Sources */,
				71EF64392899135A00DBF8A2 /* AvailableReportTypes.swift in Sources */,
				71EF6466289CFD7500DBF8A2 /* Response.swift in Sources */,
				71EF646C289D000500DBF8A2 /* UserDetailResponse.swift in Sources */,
				71EF6497289EB1B600DBF8A2 /* LazyReportViewer.swift in Sources */,
				71EF64432899135A00DBF8A2 /* ProceedsByRegion.swift in Sources */,
				71EF6481289E42F600DBF8A2 /* ReportImportView.swift in Sources */,
			);
			runOnlyForDeploymentPostprocessing = 0;
		};
/* End PBXSourcesBuildPhase section */

/* Begin XCBuildConfiguration section */
		71EF64252898229600DBF8A2 /* Debug */ = {
			isa = XCBuildConfiguration;
			buildSettings = {
				ALWAYS_SEARCH_USER_PATHS = NO;
				CLANG_ANALYZER_NONNULL = YES;
				CLANG_ANALYZER_NUMBER_OBJECT_CONVERSION = YES_AGGRESSIVE;
				CLANG_CXX_LANGUAGE_STANDARD = "gnu++17";
				CLANG_ENABLE_MODULES = YES;
				CLANG_ENABLE_OBJC_ARC = YES;
				CLANG_ENABLE_OBJC_WEAK = YES;
				CLANG_WARN_BLOCK_CAPTURE_AUTORELEASING = YES;
				CLANG_WARN_BOOL_CONVERSION = YES;
				CLANG_WARN_COMMA = YES;
				CLANG_WARN_CONSTANT_CONVERSION = YES;
				CLANG_WARN_DEPRECATED_OBJC_IMPLEMENTATIONS = YES;
				CLANG_WARN_DIRECT_OBJC_ISA_USAGE = YES_ERROR;
				CLANG_WARN_DOCUMENTATION_COMMENTS = YES;
				CLANG_WARN_EMPTY_BODY = YES;
				CLANG_WARN_ENUM_CONVERSION = YES;
				CLANG_WARN_INFINITE_RECURSION = YES;
				CLANG_WARN_INT_CONVERSION = YES;
				CLANG_WARN_NON_LITERAL_NULL_CONVERSION = YES;
				CLANG_WARN_OBJC_IMPLICIT_RETAIN_SELF = YES;
				CLANG_WARN_OBJC_LITERAL_CONVERSION = YES;
				CLANG_WARN_OBJC_ROOT_CLASS = YES_ERROR;
				CLANG_WARN_QUOTED_INCLUDE_IN_FRAMEWORK_HEADER = YES;
				CLANG_WARN_RANGE_LOOP_ANALYSIS = YES;
				CLANG_WARN_STRICT_PROTOTYPES = YES;
				CLANG_WARN_SUSPICIOUS_MOVE = YES;
				CLANG_WARN_UNGUARDED_AVAILABILITY = YES_AGGRESSIVE;
				CLANG_WARN_UNREACHABLE_CODE = YES;
				CLANG_WARN__DUPLICATE_METHOD_MATCH = YES;
				COPY_PHASE_STRIP = NO;
				DEBUG_INFORMATION_FORMAT = dwarf;
				ENABLE_STRICT_OBJC_MSGSEND = YES;
				ENABLE_TESTABILITY = YES;
				GCC_C_LANGUAGE_STANDARD = gnu11;
				GCC_DYNAMIC_NO_PIC = NO;
				GCC_NO_COMMON_BLOCKS = YES;
				GCC_OPTIMIZATION_LEVEL = 0;
				GCC_PREPROCESSOR_DEFINITIONS = (
					"DEBUG=1",
					"$(inherited)",
				);
				GCC_WARN_64_TO_32_BIT_CONVERSION = YES;
				GCC_WARN_ABOUT_RETURN_TYPE = YES_ERROR;
				GCC_WARN_UNDECLARED_SELECTOR = YES;
				GCC_WARN_UNINITIALIZED_AUTOS = YES_AGGRESSIVE;
				GCC_WARN_UNUSED_FUNCTION = YES;
				GCC_WARN_UNUSED_VARIABLE = YES;
				MTL_ENABLE_DEBUG_INFO = INCLUDE_SOURCE;
				MTL_FAST_MATH = YES;
				ONLY_ACTIVE_ARCH = YES;
				SWIFT_ACTIVE_COMPILATION_CONDITIONS = DEBUG;
				SWIFT_OPTIMIZATION_LEVEL = "-Onone";
			};
			name = Debug;
		};
		71EF64262898229600DBF8A2 /* Release */ = {
			isa = XCBuildConfiguration;
			buildSettings = {
				ALWAYS_SEARCH_USER_PATHS = NO;
				CLANG_ANALYZER_NONNULL = YES;
				CLANG_ANALYZER_NUMBER_OBJECT_CONVERSION = YES_AGGRESSIVE;
				CLANG_CXX_LANGUAGE_STANDARD = "gnu++17";
				CLANG_ENABLE_MODULES = YES;
				CLANG_ENABLE_OBJC_ARC = YES;
				CLANG_ENABLE_OBJC_WEAK = YES;
				CLANG_WARN_BLOCK_CAPTURE_AUTORELEASING = YES;
				CLANG_WARN_BOOL_CONVERSION = YES;
				CLANG_WARN_COMMA = YES;
				CLANG_WARN_CONSTANT_CONVERSION = YES;
				CLANG_WARN_DEPRECATED_OBJC_IMPLEMENTATIONS = YES;
				CLANG_WARN_DIRECT_OBJC_ISA_USAGE = YES_ERROR;
				CLANG_WARN_DOCUMENTATION_COMMENTS = YES;
				CLANG_WARN_EMPTY_BODY = YES;
				CLANG_WARN_ENUM_CONVERSION = YES;
				CLANG_WARN_INFINITE_RECURSION = YES;
				CLANG_WARN_INT_CONVERSION = YES;
				CLANG_WARN_NON_LITERAL_NULL_CONVERSION = YES;
				CLANG_WARN_OBJC_IMPLICIT_RETAIN_SELF = YES;
				CLANG_WARN_OBJC_LITERAL_CONVERSION = YES;
				CLANG_WARN_OBJC_ROOT_CLASS = YES_ERROR;
				CLANG_WARN_QUOTED_INCLUDE_IN_FRAMEWORK_HEADER = YES;
				CLANG_WARN_RANGE_LOOP_ANALYSIS = YES;
				CLANG_WARN_STRICT_PROTOTYPES = YES;
				CLANG_WARN_SUSPICIOUS_MOVE = YES;
				CLANG_WARN_UNGUARDED_AVAILABILITY = YES_AGGRESSIVE;
				CLANG_WARN_UNREACHABLE_CODE = YES;
				CLANG_WARN__DUPLICATE_METHOD_MATCH = YES;
				COPY_PHASE_STRIP = NO;
				DEBUG_INFORMATION_FORMAT = "dwarf-with-dsym";
				ENABLE_NS_ASSERTIONS = NO;
				ENABLE_STRICT_OBJC_MSGSEND = YES;
				GCC_C_LANGUAGE_STANDARD = gnu11;
				GCC_NO_COMMON_BLOCKS = YES;
				GCC_WARN_64_TO_32_BIT_CONVERSION = YES;
				GCC_WARN_ABOUT_RETURN_TYPE = YES_ERROR;
				GCC_WARN_UNDECLARED_SELECTOR = YES;
				GCC_WARN_UNINITIALIZED_AUTOS = YES_AGGRESSIVE;
				GCC_WARN_UNUSED_FUNCTION = YES;
				GCC_WARN_UNUSED_VARIABLE = YES;
				MTL_ENABLE_DEBUG_INFO = NO;
				MTL_FAST_MATH = YES;
				SWIFT_COMPILATION_MODE = wholemodule;
				SWIFT_OPTIMIZATION_LEVEL = "-O";
			};
			name = Release;
		};
		71EF64282898229600DBF8A2 /* Debug */ = {
			isa = XCBuildConfiguration;
			buildSettings = {
				ASSETCATALOG_COMPILER_APPICON_NAME = AppIcon;
				ASSETCATALOG_COMPILER_GLOBAL_ACCENT_COLOR_NAME = AccentColor;
				CODE_SIGN_STYLE = Automatic;
				CURRENT_PROJECT_VERSION = 1;
				DEVELOPMENT_TEAM = 24DA5QZ76Q;
				ENABLE_PREVIEWS = YES;
				GENERATE_INFOPLIST_FILE = YES;
				INFOPLIST_KEY_UIApplicationSceneManifest_Generation = YES;
				INFOPLIST_KEY_UIApplicationSupportsIndirectInputEvents = YES;
				INFOPLIST_KEY_UILaunchScreen_Generation = YES;
				INFOPLIST_KEY_UISupportedInterfaceOrientations_iPad = "UIInterfaceOrientationPortrait UIInterfaceOrientationPortraitUpsideDown UIInterfaceOrientationLandscapeLeft UIInterfaceOrientationLandscapeRight";
				INFOPLIST_KEY_UISupportedInterfaceOrientations_iPhone = "UIInterfaceOrientationPortrait UIInterfaceOrientationLandscapeLeft UIInterfaceOrientationLandscapeRight";
				IPHONEOS_DEPLOYMENT_TARGET = 15.5;
				LD_RUNPATH_SEARCH_PATHS = (
					"$(inherited)",
					"@executable_path/Frameworks",
				);
				MARKETING_VERSION = 1.0;
				PRODUCT_BUNDLE_IDENTIFIER = net.doublerew.FinancialReportSplitter;
				PRODUCT_NAME = FinancialReportSplitter;
				SDKROOT = iphoneos;
				SWIFT_EMIT_LOC_STRINGS = YES;
				SWIFT_VERSION = 5.0;
				TARGETED_DEVICE_FAMILY = "1,2";
			};
			name = Debug;
		};
		71EF64292898229600DBF8A2 /* Release */ = {
			isa = XCBuildConfiguration;
			buildSettings = {
				ASSETCATALOG_COMPILER_APPICON_NAME = AppIcon;
				ASSETCATALOG_COMPILER_GLOBAL_ACCENT_COLOR_NAME = AccentColor;
				CODE_SIGN_STYLE = Automatic;
				CURRENT_PROJECT_VERSION = 1;
				DEVELOPMENT_TEAM = 24DA5QZ76Q;
				ENABLE_PREVIEWS = YES;
				GENERATE_INFOPLIST_FILE = YES;
				INFOPLIST_KEY_UIApplicationSceneManifest_Generation = YES;
				INFOPLIST_KEY_UIApplicationSupportsIndirectInputEvents = YES;
				INFOPLIST_KEY_UILaunchScreen_Generation = YES;
				INFOPLIST_KEY_UISupportedInterfaceOrientations_iPad = "UIInterfaceOrientationPortrait UIInterfaceOrientationPortraitUpsideDown UIInterfaceOrientationLandscapeLeft UIInterfaceOrientationLandscapeRight";
				INFOPLIST_KEY_UISupportedInterfaceOrientations_iPhone = "UIInterfaceOrientationPortrait UIInterfaceOrientationLandscapeLeft UIInterfaceOrientationLandscapeRight";
				IPHONEOS_DEPLOYMENT_TARGET = 15.5;
				LD_RUNPATH_SEARCH_PATHS = (
					"$(inherited)",
					"@executable_path/Frameworks",
				);
				MARKETING_VERSION = 1.0;
				PRODUCT_BUNDLE_IDENTIFIER = net.doublerew.FinancialReportSplitter;
				PRODUCT_NAME = FinancialReportSplitter;
				SDKROOT = iphoneos;
				SWIFT_EMIT_LOC_STRINGS = YES;
				SWIFT_VERSION = 5.0;
				TARGETED_DEVICE_FAMILY = "1,2";
				VALIDATE_PRODUCT = YES;
			};
			name = Release;
		};
		71EF642B2898229600DBF8A2 /* Debug */ = {
			isa = XCBuildConfiguration;
			buildSettings = {
				ASSETCATALOG_COMPILER_APPICON_NAME = AppIcon;
				ASSETCATALOG_COMPILER_GLOBAL_ACCENT_COLOR_NAME = AccentColor;
				CODE_SIGN_ENTITLEMENTS = macOS/macOS.entitlements;
				CODE_SIGN_STYLE = Automatic;
				COMBINE_HIDPI_IMAGES = YES;
				CURRENT_PROJECT_VERSION = 1;
				DEVELOPMENT_TEAM = 24DA5QZ76Q;
				ENABLE_HARDENED_RUNTIME = YES;
				ENABLE_PREVIEWS = YES;
				GENERATE_INFOPLIST_FILE = YES;
				INFOPLIST_KEY_NSHumanReadableCopyright = "";
				LD_RUNPATH_SEARCH_PATHS = (
					"$(inherited)",
					"@executable_path/../Frameworks",
				);
				MACOSX_DEPLOYMENT_TARGET = 12.3;
				MARKETING_VERSION = 1.0;
				PRODUCT_BUNDLE_IDENTIFIER = net.doublerew.FinancialReportSplitter;
				PRODUCT_NAME = FinancialReportSplitter;
				SDKROOT = macosx;
				SWIFT_EMIT_LOC_STRINGS = YES;
				SWIFT_VERSION = 5.0;
			};
			name = Debug;
		};
		71EF642C2898229600DBF8A2 /* Release */ = {
			isa = XCBuildConfiguration;
			buildSettings = {
				ASSETCATALOG_COMPILER_APPICON_NAME = AppIcon;
				ASSETCATALOG_COMPILER_GLOBAL_ACCENT_COLOR_NAME = AccentColor;
				CODE_SIGN_ENTITLEMENTS = macOS/macOS.entitlements;
				CODE_SIGN_STYLE = Automatic;
				COMBINE_HIDPI_IMAGES = YES;
				CURRENT_PROJECT_VERSION = 1;
				DEVELOPMENT_TEAM = 24DA5QZ76Q;
				ENABLE_HARDENED_RUNTIME = YES;
				ENABLE_PREVIEWS = YES;
				GENERATE_INFOPLIST_FILE = YES;
				INFOPLIST_KEY_NSHumanReadableCopyright = "";
				LD_RUNPATH_SEARCH_PATHS = (
					"$(inherited)",
					"@executable_path/../Frameworks",
				);
				MACOSX_DEPLOYMENT_TARGET = 12.3;
				MARKETING_VERSION = 1.0;
				PRODUCT_BUNDLE_IDENTIFIER = net.doublerew.FinancialReportSplitter;
				PRODUCT_NAME = FinancialReportSplitter;
				SDKROOT = macosx;
				SWIFT_EMIT_LOC_STRINGS = YES;
				SWIFT_VERSION = 5.0;
			};
			name = Release;
		};
/* End XCBuildConfiguration section */

/* Begin XCConfigurationList section */
		71EF640D2898229300DBF8A2 /* Build configuration list for PBXProject "FinancialReportSplitter" */ = {
			isa = XCConfigurationList;
			buildConfigurations = (
				71EF64252898229600DBF8A2 /* Debug */,
				71EF64262898229600DBF8A2 /* Release */,
			);
			defaultConfigurationIsVisible = 0;
			defaultConfigurationName = Release;
		};
		71EF64272898229600DBF8A2 /* Build configuration list for PBXNativeTarget "FinancialReportSplitter (iOS)" */ = {
			isa = XCConfigurationList;
			buildConfigurations = (
				71EF64282898229600DBF8A2 /* Debug */,
				71EF64292898229600DBF8A2 /* Release */,
			);
			defaultConfigurationIsVisible = 0;
			defaultConfigurationName = Release;
		};
		71EF642A2898229600DBF8A2 /* Build configuration list for PBXNativeTarget "FinancialReportSplitter (macOS)" */ = {
			isa = XCConfigurationList;
			buildConfigurations = (
				71EF642B2898229600DBF8A2 /* Debug */,
				71EF642C2898229600DBF8A2 /* Release */,
			);
			defaultConfigurationIsVisible = 0;
			defaultConfigurationName = Release;
		};
/* End XCConfigurationList section */
	};
	rootObject = 71EF640A2898229300DBF8A2 /* Project object */;
}
